
Microsoft Visual Studio Solution File, Format Version 12.00
# Visual Studio Version 17
VisualStudioVersion = 17.13.35806.99
MinimumVisualStudioVersion = 10.0.40219.1
Project("{8BC9CEB8-8B4A-11D0-8D11-00A0C91BC942}") = "ML_Engine", "Engine\ML_Engine.vcxproj", "{1DD11EC8-0E31-4A0D-885B-8F20F05AAD75}"
EndProject
Project("{2150E333-8FDC-42A3-9474-1A3956D46DE8}") = "Engine", "Engine", "{02EA681E-C7D8-13C7-8484-4AC65E1B71E8}"
EndProject
Project("{2150E333-8FDC-42A3-9474-1A3956D46DE8}") = "Framework", "Framework", "{594B4886-795F-4736-9748-646C3F429D45}"
EndProject
Project("{8BC9CEB8-8B4A-11D0-8D11-00A0C91BC942}") = "Core", "Framework\Core\Core.vcxproj", "{1FE65644-00FD-4664-A529-10517114BB84}"
EndProject
Project("{2150E333-8FDC-42A3-9474-1A3956D46DE8}") = "VGP242", "VGP242", "{55CF5681-01A0-443E-B547-DFBD373CD780}"
EndProject
Project("{8BC9CEB8-8B4A-11D0-8D11-00A0C91BC942}") = "01_HelloWindow", "VGP242\01_HelloWindow\01_HelloWindow.vcxproj", "{0ED85D5C-222D-4FD4-ABDD-8DDF6191A456}"
EndProject
Project("{8BC9CEB8-8B4A-11D0-8D11-00A0C91BC942}") = "Math", "Framework\Math\Math.vcxproj", "{7E9D9C65-7B01-4644-9B0B-08EBD9FEC4C5}"
EndProject
Project("{2150E333-8FDC-42A3-9474-1A3956D46DE8}") = "External", "External", "{63B8F4EA-3841-4628-A365-0ADA33FF7FEF}"
EndProject
Project("{8BC9CEB8-8B4A-11D0-8D11-00A0C91BC942}") = "DirectXTK_Desktop_2022", "External\DirectXTK\DirectXTK_Desktop_2022.vcxproj", "{E0B52AE7-E160-4D32-BF3F-910B785E5A8E}"
EndProject
Project("{8BC9CEB8-8B4A-11D0-8D11-00A0C91BC942}") = "Graphics", "Framework\Graphics\Graphics.vcxproj", "{F7B1B096-E5CA-4996-BCF5-84FEF7315C19}"
EndProject
Project("{8BC9CEB8-8B4A-11D0-8D11-00A0C91BC942}") = "02_HelloShapes", "VGP242\02_HelloShapes\02_HelloShapes.vcxproj", "{EFBF2B7A-5EB6-47E8-B92E-AE5C1087AEA8}"
EndProject
Project("{2150E333-8FDC-42A3-9474-1A3956D46DE8}") = "Assets", "Assets", "{5E3D8831-F99C-47DF-A8EC-A992A6B01741}"
EndProject
Project("{2150E333-8FDC-42A3-9474-1A3956D46DE8}") = "Shaders", "Shaders", "{8B2CA6A1-05E3-44EA-A1E1-EE4AF0310CF8}"
	ProjectSection(SolutionItems) = preProject
		Assets\Shaders\CelShader.fx = Assets\Shaders\CelShader.fx
		Assets\Shaders\DoColor.fx = Assets\Shaders\DoColor.fx
		Assets\Shaders\DoSomething.fx = Assets\Shaders\DoSomething.fx
		Assets\Shaders\DoTexture.fx = Assets\Shaders\DoTexture.fx
		Assets\Shaders\DoTransformColor.fx = Assets\Shaders\DoTransformColor.fx
		Assets\Shaders\PostProcessing.fx = Assets\Shaders\PostProcessing.fx
		Assets\Shaders\SimpleDraw.fx = Assets\Shaders\SimpleDraw.fx
		Assets\Shaders\Standard.fx = Assets\Shaders\Standard.fx
	EndProjectSection
EndProject
Project("{8BC9CEB8-8B4A-11D0-8D11-00A0C91BC942}") = "Input", "Framework\Input\Input.vcxproj", "{3629F01A-6FED-42EB-B308-E9F7F1346EAF}"
EndProject
Project("{8BC9CEB8-8B4A-11D0-8D11-00A0C91BC942}") = "03_HelloCube", "VGP242\03_HelloCube\03_HelloCube.vcxproj", "{1E5BBBFF-C18C-451A-9D02-664C8ECDB9E6}"
EndProject
Project("{8BC9CEB8-8B4A-11D0-8D11-00A0C91BC942}") = "04_HelloMeshBuilder", "VGP242\04_HelloMeshBuilder\04_HelloMeshBuilder.vcxproj", "{A15E1DB9-579A-4C9A-B723-A627E4D47992}"
EndProject
Project("{8BC9CEB8-8B4A-11D0-8D11-00A0C91BC942}") = "ImGui", "External\ImGui\ImGui.vcxproj", "{52D656A2-A2F4-4C54-A3C7-653427BED1E8}"
EndProject
Project("{8BC9CEB8-8B4A-11D0-8D11-00A0C91BC942}") = "05_HelloDebug", "VGP242\05_HelloDebug\05_HelloDebug.vcxproj", "{FEF39BED-4F39-45F5-9903-84DF7FE597CB}"
EndProject
Project("{8BC9CEB8-8B4A-11D0-8D11-00A0C91BC942}") = "06_HelloRenderTarget", "VGP242\06_HelloRenderTarget\06_HelloRenderTarget.vcxproj", "{81335F99-1930-4D90-BF0F-A26155BAB168}"
EndProject
Project("{8BC9CEB8-8B4A-11D0-8D11-00A0C91BC942}") = "07_HelloSimpleTextureEffect", "VGP242\07_HelloSimpleTextureEffect\07_HelloSimpleTextureEffect.vcxproj", "{E4C49A77-BCE4-46CA-AF15-BF77751A34D8}"
EndProject
Project("{8BC9CEB8-8B4A-11D0-8D11-00A0C91BC942}") = "08_HelloSolarSystem", "VGP242\08_HelloSolarSystem\08_HelloSolarSystem.vcxproj", "{A7FCB398-14EB-454B-A709-C1CAD37D43D1}"
EndProject
Project("{8BC9CEB8-8B4A-11D0-8D11-00A0C91BC942}") = "09_HelloSimpleSolarSystem", "VGP242\09_HelloSimpleSolarSystem\09_HelloSimpleSolarSystem.vcxproj", "{1B30EEFB-0CB0-4EF1-95F6-AFDB728368F8}"
EndProject
Project("{2150E333-8FDC-42A3-9474-1A3956D46DE8}") = "VGP330", "VGP330", "{750D0B0E-7E17-4919-A13C-D6E5C3098406}"
EndProject
Project("{8BC9CEB8-8B4A-11D0-8D11-00A0C91BC942}") = "10_HelloLighting", "VGP330\10_HelloLighting\10_HelloLighting.vcxproj", "{5D527A65-2FDD-4E7C-99EB-B0AFEB94630B}"
EndProject
Project("{8BC9CEB8-8B4A-11D0-8D11-00A0C91BC942}") = "11_HelloCelShader", "VGP330\11_HelloCelShader\11_HelloCelShader.vcxproj", "{FA7E09DC-D49A-4BE9-B391-574AA1546398}"
EndProject
Project("{2150E333-8FDC-42A3-9474-1A3956D46DE8}") = "Tools", "Tools", "{FFCE466D-86B5-4711-B80D-6D995B724DDB}"
EndProject
Project("{8BC9CEB8-8B4A-11D0-8D11-00A0C91BC942}") = "ModelImporter", "Tools\ModelImporter\ModelImporter.vcxproj", "{51A86E9F-3D23-4AF6-949F-BCA2A53EDE74}"
EndProject
Project("{8BC9CEB8-8B4A-11D0-8D11-00A0C91BC942}") = "12_HelloModel", "VGP330\12_HelloModel\12_HelloModel.vcxproj", "{E15498C6-AC5C-41C0-AE30-FEAEC0F78B66}"
EndProject
Project("{8BC9CEB8-8B4A-11D0-8D11-00A0C91BC942}") = "13_HelloPostProcessing", "VGP330\13_HelloPostProcessing\13_HelloPostProcessing.vcxproj", "{ED5AFDB5-5E22-46ED-A61B-1B70983B9AAA}"
EndProject
Global
	GlobalSection(SolutionConfigurationPlatforms) = preSolution
		Debug|x64 = Debug|x64
		Debug|x86 = Debug|x86
		Release|x64 = Release|x64
		Release|x86 = Release|x86
	EndGlobalSection
	GlobalSection(ProjectConfigurationPlatforms) = postSolution
		{1DD11EC8-0E31-4A0D-885B-8F20F05AAD75}.Debug|x64.ActiveCfg = Debug|x64
		{1DD11EC8-0E31-4A0D-885B-8F20F05AAD75}.Debug|x64.Build.0 = Debug|x64
		{1DD11EC8-0E31-4A0D-885B-8F20F05AAD75}.Debug|x86.ActiveCfg = Debug|Win32
		{1DD11EC8-0E31-4A0D-885B-8F20F05AAD75}.Debug|x86.Build.0 = Debug|Win32
		{1DD11EC8-0E31-4A0D-885B-8F20F05AAD75}.Release|x64.ActiveCfg = Release|x64
		{1DD11EC8-0E31-4A0D-885B-8F20F05AAD75}.Release|x64.Build.0 = Release|x64
		{1DD11EC8-0E31-4A0D-885B-8F20F05AAD75}.Release|x86.ActiveCfg = Release|Win32
		{1DD11EC8-0E31-4A0D-885B-8F20F05AAD75}.Release|x86.Build.0 = Release|Win32
		{1FE65644-00FD-4664-A529-10517114BB84}.Debug|x64.ActiveCfg = Debug|x64
		{1FE65644-00FD-4664-A529-10517114BB84}.Debug|x64.Build.0 = Debug|x64
		{1FE65644-00FD-4664-A529-10517114BB84}.Debug|x86.ActiveCfg = Debug|Win32
		{1FE65644-00FD-4664-A529-10517114BB84}.Debug|x86.Build.0 = Debug|Win32
		{1FE65644-00FD-4664-A529-10517114BB84}.Release|x64.ActiveCfg = Release|x64
		{1FE65644-00FD-4664-A529-10517114BB84}.Release|x64.Build.0 = Release|x64
		{1FE65644-00FD-4664-A529-10517114BB84}.Release|x86.ActiveCfg = Release|Win32
		{1FE65644-00FD-4664-A529-10517114BB84}.Release|x86.Build.0 = Release|Win32
		{0ED85D5C-222D-4FD4-ABDD-8DDF6191A456}.Debug|x64.ActiveCfg = Debug|x64
		{0ED85D5C-222D-4FD4-ABDD-8DDF6191A456}.Debug|x64.Build.0 = Debug|x64
		{0ED85D5C-222D-4FD4-ABDD-8DDF6191A456}.Debug|x86.ActiveCfg = Debug|Win32
		{0ED85D5C-222D-4FD4-ABDD-8DDF6191A456}.Debug|x86.Build.0 = Debug|Win32
		{0ED85D5C-222D-4FD4-ABDD-8DDF6191A456}.Release|x64.ActiveCfg = Release|x64
		{0ED85D5C-222D-4FD4-ABDD-8DDF6191A456}.Release|x64.Build.0 = Release|x64
		{0ED85D5C-222D-4FD4-ABDD-8DDF6191A456}.Release|x86.ActiveCfg = Release|Win32
		{0ED85D5C-222D-4FD4-ABDD-8DDF6191A456}.Release|x86.Build.0 = Release|Win32
		{7E9D9C65-7B01-4644-9B0B-08EBD9FEC4C5}.Debug|x64.ActiveCfg = Debug|x64
		{7E9D9C65-7B01-4644-9B0B-08EBD9FEC4C5}.Debug|x64.Build.0 = Debug|x64
		{7E9D9C65-7B01-4644-9B0B-08EBD9FEC4C5}.Debug|x86.ActiveCfg = Debug|Win32
		{7E9D9C65-7B01-4644-9B0B-08EBD9FEC4C5}.Debug|x86.Build.0 = Debug|Win32
		{7E9D9C65-7B01-4644-9B0B-08EBD9FEC4C5}.Release|x64.ActiveCfg = Release|x64
		{7E9D9C65-7B01-4644-9B0B-08EBD9FEC4C5}.Release|x64.Build.0 = Release|x64
		{7E9D9C65-7B01-4644-9B0B-08EBD9FEC4C5}.Release|x86.ActiveCfg = Release|Win32
		{7E9D9C65-7B01-4644-9B0B-08EBD9FEC4C5}.Release|x86.Build.0 = Release|Win32
		{E0B52AE7-E160-4D32-BF3F-910B785E5A8E}.Debug|x64.ActiveCfg = Debug|x64
		{E0B52AE7-E160-4D32-BF3F-910B785E5A8E}.Debug|x64.Build.0 = Debug|x64
		{E0B52AE7-E160-4D32-BF3F-910B785E5A8E}.Debug|x86.ActiveCfg = Debug|Win32
		{E0B52AE7-E160-4D32-BF3F-910B785E5A8E}.Debug|x86.Build.0 = Debug|Win32
		{E0B52AE7-E160-4D32-BF3F-910B785E5A8E}.Release|x64.ActiveCfg = Release|x64
		{E0B52AE7-E160-4D32-BF3F-910B785E5A8E}.Release|x64.Build.0 = Release|x64
		{E0B52AE7-E160-4D32-BF3F-910B785E5A8E}.Release|x86.ActiveCfg = Release|Win32
		{E0B52AE7-E160-4D32-BF3F-910B785E5A8E}.Release|x86.Build.0 = Release|Win32
		{F7B1B096-E5CA-4996-BCF5-84FEF7315C19}.Debug|x64.ActiveCfg = Debug|x64
		{F7B1B096-E5CA-4996-BCF5-84FEF7315C19}.Debug|x64.Build.0 = Debug|x64
		{F7B1B096-E5CA-4996-BCF5-84FEF7315C19}.Debug|x86.ActiveCfg = Debug|Win32
		{F7B1B096-E5CA-4996-BCF5-84FEF7315C19}.Debug|x86.Build.0 = Debug|Win32
		{F7B1B096-E5CA-4996-BCF5-84FEF7315C19}.Release|x64.ActiveCfg = Release|x64
		{F7B1B096-E5CA-4996-BCF5-84FEF7315C19}.Release|x64.Build.0 = Release|x64
		{F7B1B096-E5CA-4996-BCF5-84FEF7315C19}.Release|x86.ActiveCfg = Release|Win32
		{F7B1B096-E5CA-4996-BCF5-84FEF7315C19}.Release|x86.Build.0 = Release|Win32
		{EFBF2B7A-5EB6-47E8-B92E-AE5C1087AEA8}.Debug|x64.ActiveCfg = Debug|x64
		{EFBF2B7A-5EB6-47E8-B92E-AE5C1087AEA8}.Debug|x64.Build.0 = Debug|x64
		{EFBF2B7A-5EB6-47E8-B92E-AE5C1087AEA8}.Debug|x86.ActiveCfg = Debug|Win32
		{EFBF2B7A-5EB6-47E8-B92E-AE5C1087AEA8}.Debug|x86.Build.0 = Debug|Win32
		{EFBF2B7A-5EB6-47E8-B92E-AE5C1087AEA8}.Release|x64.ActiveCfg = Release|x64
		{EFBF2B7A-5EB6-47E8-B92E-AE5C1087AEA8}.Release|x64.Build.0 = Release|x64
		{EFBF2B7A-5EB6-47E8-B92E-AE5C1087AEA8}.Release|x86.ActiveCfg = Release|Win32
		{EFBF2B7A-5EB6-47E8-B92E-AE5C1087AEA8}.Release|x86.Build.0 = Release|Win32
		{3629F01A-6FED-42EB-B308-E9F7F1346EAF}.Debug|x64.ActiveCfg = Debug|x64
		{3629F01A-6FED-42EB-B308-E9F7F1346EAF}.Debug|x64.Build.0 = Debug|x64
		{3629F01A-6FED-42EB-B308-E9F7F1346EAF}.Debug|x86.ActiveCfg = Debug|Win32
		{3629F01A-6FED-42EB-B308-E9F7F1346EAF}.Debug|x86.Build.0 = Debug|Win32
		{3629F01A-6FED-42EB-B308-E9F7F1346EAF}.Release|x64.ActiveCfg = Release|x64
		{3629F01A-6FED-42EB-B308-E9F7F1346EAF}.Release|x64.Build.0 = Release|x64
		{3629F01A-6FED-42EB-B308-E9F7F1346EAF}.Release|x86.ActiveCfg = Release|Win32
		{3629F01A-6FED-42EB-B308-E9F7F1346EAF}.Release|x86.Build.0 = Release|Win32
		{1E5BBBFF-C18C-451A-9D02-664C8ECDB9E6}.Debug|x64.ActiveCfg = Debug|x64
		{1E5BBBFF-C18C-451A-9D02-664C8ECDB9E6}.Debug|x64.Build.0 = Debug|x64
		{1E5BBBFF-C18C-451A-9D02-664C8ECDB9E6}.Debug|x86.ActiveCfg = Debug|Win32
		{1E5BBBFF-C18C-451A-9D02-664C8ECDB9E6}.Debug|x86.Build.0 = Debug|Win32
		{1E5BBBFF-C18C-451A-9D02-664C8ECDB9E6}.Release|x64.ActiveCfg = Release|x64
		{1E5BBBFF-C18C-451A-9D02-664C8ECDB9E6}.Release|x64.Build.0 = Release|x64
		{1E5BBBFF-C18C-451A-9D02-664C8ECDB9E6}.Release|x86.ActiveCfg = Release|Win32
		{1E5BBBFF-C18C-451A-9D02-664C8ECDB9E6}.Release|x86.Build.0 = Release|Win32
		{A15E1DB9-579A-4C9A-B723-A627E4D47992}.Debug|x64.ActiveCfg = Debug|x64
		{A15E1DB9-579A-4C9A-B723-A627E4D47992}.Debug|x64.Build.0 = Debug|x64
		{A15E1DB9-579A-4C9A-B723-A627E4D47992}.Debug|x86.ActiveCfg = Debug|Win32
		{A15E1DB9-579A-4C9A-B723-A627E4D47992}.Debug|x86.Build.0 = Debug|Win32
		{A15E1DB9-579A-4C9A-B723-A627E4D47992}.Release|x64.ActiveCfg = Release|x64
		{A15E1DB9-579A-4C9A-B723-A627E4D47992}.Release|x64.Build.0 = Release|x64
		{A15E1DB9-579A-4C9A-B723-A627E4D47992}.Release|x86.ActiveCfg = Release|Win32
		{A15E1DB9-579A-4C9A-B723-A627E4D47992}.Release|x86.Build.0 = Release|Win32
		{52D656A2-A2F4-4C54-A3C7-653427BED1E8}.Debug|x64.ActiveCfg = Debug|x64
		{52D656A2-A2F4-4C54-A3C7-653427BED1E8}.Debug|x64.Build.0 = Debug|x64
		{52D656A2-A2F4-4C54-A3C7-653427BED1E8}.Debug|x86.ActiveCfg = Debug|Win32
		{52D656A2-A2F4-4C54-A3C7-653427BED1E8}.Debug|x86.Build.0 = Debug|Win32
		{52D656A2-A2F4-4C54-A3C7-653427BED1E8}.Release|x64.ActiveCfg = Release|x64
		{52D656A2-A2F4-4C54-A3C7-653427BED1E8}.Release|x64.Build.0 = Release|x64
		{52D656A2-A2F4-4C54-A3C7-653427BED1E8}.Release|x86.ActiveCfg = Release|Win32
		{52D656A2-A2F4-4C54-A3C7-653427BED1E8}.Release|x86.Build.0 = Release|Win32
		{FEF39BED-4F39-45F5-9903-84DF7FE597CB}.Debug|x64.ActiveCfg = Debug|x64
		{FEF39BED-4F39-45F5-9903-84DF7FE597CB}.Debug|x64.Build.0 = Debug|x64
		{FEF39BED-4F39-45F5-9903-84DF7FE597CB}.Debug|x86.ActiveCfg = Debug|Win32
		{FEF39BED-4F39-45F5-9903-84DF7FE597CB}.Debug|x86.Build.0 = Debug|Win32
		{FEF39BED-4F39-45F5-9903-84DF7FE597CB}.Release|x64.ActiveCfg = Release|x64
		{FEF39BED-4F39-45F5-9903-84DF7FE597CB}.Release|x64.Build.0 = Release|x64
		{FEF39BED-4F39-45F5-9903-84DF7FE597CB}.Release|x86.ActiveCfg = Release|Win32
		{FEF39BED-4F39-45F5-9903-84DF7FE597CB}.Release|x86.Build.0 = Release|Win32
		{81335F99-1930-4D90-BF0F-A26155BAB168}.Debug|x64.ActiveCfg = Debug|x64
		{81335F99-1930-4D90-BF0F-A26155BAB168}.Debug|x64.Build.0 = Debug|x64
		{81335F99-1930-4D90-BF0F-A26155BAB168}.Debug|x86.ActiveCfg = Debug|Win32
		{81335F99-1930-4D90-BF0F-A26155BAB168}.Debug|x86.Build.0 = Debug|Win32
		{81335F99-1930-4D90-BF0F-A26155BAB168}.Release|x64.ActiveCfg = Release|x64
		{81335F99-1930-4D90-BF0F-A26155BAB168}.Release|x64.Build.0 = Release|x64
		{81335F99-1930-4D90-BF0F-A26155BAB168}.Release|x86.ActiveCfg = Release|Win32
		{81335F99-1930-4D90-BF0F-A26155BAB168}.Release|x86.Build.0 = Release|Win32
		{E4C49A77-BCE4-46CA-AF15-BF77751A34D8}.Debug|x64.ActiveCfg = Debug|x64
		{E4C49A77-BCE4-46CA-AF15-BF77751A34D8}.Debug|x64.Build.0 = Debug|x64
		{E4C49A77-BCE4-46CA-AF15-BF77751A34D8}.Debug|x86.ActiveCfg = Debug|Win32
		{E4C49A77-BCE4-46CA-AF15-BF77751A34D8}.Debug|x86.Build.0 = Debug|Win32
		{E4C49A77-BCE4-46CA-AF15-BF77751A34D8}.Release|x64.ActiveCfg = Release|x64
		{E4C49A77-BCE4-46CA-AF15-BF77751A34D8}.Release|x64.Build.0 = Release|x64
		{E4C49A77-BCE4-46CA-AF15-BF77751A34D8}.Release|x86.ActiveCfg = Release|Win32
		{E4C49A77-BCE4-46CA-AF15-BF77751A34D8}.Release|x86.Build.0 = Release|Win32
		{A7FCB398-14EB-454B-A709-C1CAD37D43D1}.Debug|x64.ActiveCfg = Debug|x64
		{A7FCB398-14EB-454B-A709-C1CAD37D43D1}.Debug|x64.Build.0 = Debug|x64
		{A7FCB398-14EB-454B-A709-C1CAD37D43D1}.Debug|x86.ActiveCfg = Debug|Win32
		{A7FCB398-14EB-454B-A709-C1CAD37D43D1}.Debug|x86.Build.0 = Debug|Win32
		{A7FCB398-14EB-454B-A709-C1CAD37D43D1}.Release|x64.ActiveCfg = Release|x64
		{A7FCB398-14EB-454B-A709-C1CAD37D43D1}.Release|x64.Build.0 = Release|x64
		{A7FCB398-14EB-454B-A709-C1CAD37D43D1}.Release|x86.ActiveCfg = Release|Win32
		{A7FCB398-14EB-454B-A709-C1CAD37D43D1}.Release|x86.Build.0 = Release|Win32
		{1B30EEFB-0CB0-4EF1-95F6-AFDB728368F8}.Debug|x64.ActiveCfg = Debug|x64
		{1B30EEFB-0CB0-4EF1-95F6-AFDB728368F8}.Debug|x64.Build.0 = Debug|x64
		{1B30EEFB-0CB0-4EF1-95F6-AFDB728368F8}.Debug|x86.ActiveCfg = Debug|Win32
		{1B30EEFB-0CB0-4EF1-95F6-AFDB728368F8}.Debug|x86.Build.0 = Debug|Win32
		{1B30EEFB-0CB0-4EF1-95F6-AFDB728368F8}.Release|x64.ActiveCfg = Release|x64
		{1B30EEFB-0CB0-4EF1-95F6-AFDB728368F8}.Release|x64.Build.0 = Release|x64
		{1B30EEFB-0CB0-4EF1-95F6-AFDB728368F8}.Release|x86.ActiveCfg = Release|Win32
		{1B30EEFB-0CB0-4EF1-95F6-AFDB728368F8}.Release|x86.Build.0 = Release|Win32
		{5D527A65-2FDD-4E7C-99EB-B0AFEB94630B}.Debug|x64.ActiveCfg = Debug|x64
		{5D527A65-2FDD-4E7C-99EB-B0AFEB94630B}.Debug|x64.Build.0 = Debug|x64
		{5D527A65-2FDD-4E7C-99EB-B0AFEB94630B}.Debug|x86.ActiveCfg = Debug|Win32
		{5D527A65-2FDD-4E7C-99EB-B0AFEB94630B}.Debug|x86.Build.0 = Debug|Win32
		{5D527A65-2FDD-4E7C-99EB-B0AFEB94630B}.Release|x64.ActiveCfg = Release|x64
		{5D527A65-2FDD-4E7C-99EB-B0AFEB94630B}.Release|x64.Build.0 = Release|x64
		{5D527A65-2FDD-4E7C-99EB-B0AFEB94630B}.Release|x86.ActiveCfg = Release|Win32
		{5D527A65-2FDD-4E7C-99EB-B0AFEB94630B}.Release|x86.Build.0 = Release|Win32
		{FA7E09DC-D49A-4BE9-B391-574AA1546398}.Debug|x64.ActiveCfg = Debug|x64
		{FA7E09DC-D49A-4BE9-B391-574AA1546398}.Debug|x64.Build.0 = Debug|x64
		{FA7E09DC-D49A-4BE9-B391-574AA1546398}.Debug|x86.ActiveCfg = Debug|Win32
		{FA7E09DC-D49A-4BE9-B391-574AA1546398}.Debug|x86.Build.0 = Debug|Win32
		{FA7E09DC-D49A-4BE9-B391-574AA1546398}.Release|x64.ActiveCfg = Release|x64
		{FA7E09DC-D49A-4BE9-B391-574AA1546398}.Release|x64.Build.0 = Release|x64
		{FA7E09DC-D49A-4BE9-B391-574AA1546398}.Release|x86.ActiveCfg = Release|Win32
		{FA7E09DC-D49A-4BE9-B391-574AA1546398}.Release|x86.Build.0 = Release|Win32
		{51A86E9F-3D23-4AF6-949F-BCA2A53EDE74}.Debug|x64.ActiveCfg = Debug|x64
		{51A86E9F-3D23-4AF6-949F-BCA2A53EDE74}.Debug|x64.Build.0 = Debug|x64
		{51A86E9F-3D23-4AF6-949F-BCA2A53EDE74}.Debug|x86.ActiveCfg = Debug|Win32
		{51A86E9F-3D23-4AF6-949F-BCA2A53EDE74}.Debug|x86.Build.0 = Debug|Win32
		{51A86E9F-3D23-4AF6-949F-BCA2A53EDE74}.Release|x64.ActiveCfg = Release|x64
		{51A86E9F-3D23-4AF6-949F-BCA2A53EDE74}.Release|x64.Build.0 = Release|x64
		{51A86E9F-3D23-4AF6-949F-BCA2A53EDE74}.Release|x86.ActiveCfg = Release|Win32
		{51A86E9F-3D23-4AF6-949F-BCA2A53EDE74}.Release|x86.Build.0 = Release|Win32
		{E15498C6-AC5C-41C0-AE30-FEAEC0F78B66}.Debug|x64.ActiveCfg = Debug|x64
		{E15498C6-AC5C-41C0-AE30-FEAEC0F78B66}.Debug|x64.Build.0 = Debug|x64
		{E15498C6-AC5C-41C0-AE30-FEAEC0F78B66}.Debug|x86.ActiveCfg = Debug|Win32
		{E15498C6-AC5C-41C0-AE30-FEAEC0F78B66}.Debug|x86.Build.0 = Debug|Win32
		{E15498C6-AC5C-41C0-AE30-FEAEC0F78B66}.Release|x64.ActiveCfg = Release|x64
		{E15498C6-AC5C-41C0-AE30-FEAEC0F78B66}.Release|x64.Build.0 = Release|x64
		{E15498C6-AC5C-41C0-AE30-FEAEC0F78B66}.Release|x86.ActiveCfg = Release|Win32
		{E15498C6-AC5C-41C0-AE30-FEAEC0F78B66}.Release|x86.Build.0 = Release|Win32
		{ED5AFDB5-5E22-46ED-A61B-1B70983B9AAA}.Debug|x64.ActiveCfg = Debug|x64
		{ED5AFDB5-5E22-46ED-A61B-1B70983B9AAA}.Debug|x64.Build.0 = Debug|x64
		{ED5AFDB5-5E22-46ED-A61B-1B70983B9AAA}.Debug|x86.ActiveCfg = Debug|Win32
		{ED5AFDB5-5E22-46ED-A61B-1B70983B9AAA}.Debug|x86.Build.0 = Debug|Win32
		{ED5AFDB5-5E22-46ED-A61B-1B70983B9AAA}.Release|x64.ActiveCfg = Release|x64
		{ED5AFDB5-5E22-46ED-A61B-1B70983B9AAA}.Release|x64.Build.0 = Release|x64
		{ED5AFDB5-5E22-46ED-A61B-1B70983B9AAA}.Release|x86.ActiveCfg = Release|Win32
		{ED5AFDB5-5E22-46ED-A61B-1B70983B9AAA}.Release|x86.Build.0 = Release|Win32
	EndGlobalSection
	GlobalSection(SolutionProperties) = preSolution
		HideSolutionNode = FALSE
	EndGlobalSection
	GlobalSection(NestedProjects) = preSolution
		{1DD11EC8-0E31-4A0D-885B-8F20F05AAD75} = {02EA681E-C7D8-13C7-8484-4AC65E1B71E8}
		{1FE65644-00FD-4664-A529-10517114BB84} = {594B4886-795F-4736-9748-646C3F429D45}
		{0ED85D5C-222D-4FD4-ABDD-8DDF6191A456} = {55CF5681-01A0-443E-B547-DFBD373CD780}
		{7E9D9C65-7B01-4644-9B0B-08EBD9FEC4C5} = {594B4886-795F-4736-9748-646C3F429D45}
		{E0B52AE7-E160-4D32-BF3F-910B785E5A8E} = {63B8F4EA-3841-4628-A365-0ADA33FF7FEF}
		{F7B1B096-E5CA-4996-BCF5-84FEF7315C19} = {594B4886-795F-4736-9748-646C3F429D45}
		{EFBF2B7A-5EB6-47E8-B92E-AE5C1087AEA8} = {55CF5681-01A0-443E-B547-DFBD373CD780}
		{8B2CA6A1-05E3-44EA-A1E1-EE4AF0310CF8} = {5E3D8831-F99C-47DF-A8EC-A992A6B01741}
		{3629F01A-6FED-42EB-B308-E9F7F1346EAF} = {594B4886-795F-4736-9748-646C3F429D45}
		{1E5BBBFF-C18C-451A-9D02-664C8ECDB9E6} = {55CF5681-01A0-443E-B547-DFBD373CD780}
		{A15E1DB9-579A-4C9A-B723-A627E4D47992} = {55CF5681-01A0-443E-B547-DFBD373CD780}
		{52D656A2-A2F4-4C54-A3C7-653427BED1E8} = {63B8F4EA-3841-4628-A365-0ADA33FF7FEF}
		{FEF39BED-4F39-45F5-9903-84DF7FE597CB} = {55CF5681-01A0-443E-B547-DFBD373CD780}
		{81335F99-1930-4D90-BF0F-A26155BAB168} = {55CF5681-01A0-443E-B547-DFBD373CD780}
		{E4C49A77-BCE4-46CA-AF15-BF77751A34D8} = {55CF5681-01A0-443E-B547-DFBD373CD780}
		{A7FCB398-14EB-454B-A709-C1CAD37D43D1} = {55CF5681-01A0-443E-B547-DFBD373CD780}
		{1B30EEFB-0CB0-4EF1-95F6-AFDB728368F8} = {55CF5681-01A0-443E-B547-DFBD373CD780}
		{5D527A65-2FDD-4E7C-99EB-B0AFEB94630B} = {750D0B0E-7E17-4919-A13C-D6E5C3098406}
		{FA7E09DC-D49A-4BE9-B391-574AA1546398} = {750D0B0E-7E17-4919-A13C-D6E5C3098406}
		{51A86E9F-3D23-4AF6-949F-BCA2A53EDE74} = {FFCE466D-86B5-4711-B80D-6D995B724DDB}
		{E15498C6-AC5C-41C0-AE30-FEAEC0F78B66} = {750D0B0E-7E17-4919-A13C-D6E5C3098406}
		{ED5AFDB5-5E22-46ED-A61B-1B70983B9AAA} = {750D0B0E-7E17-4919-A13C-D6E5C3098406}
	EndGlobalSection
	GlobalSection(ExtensibilityGlobals) = postSolution
		SolutionGuid = {D97CCC11-9EBE-41ED-A727-A06D5C430B60}
	EndGlobalSection
EndGlobal
