<?xml version="1.0" encoding="utf-8"?>
<Project ToolsVersion="4.0" xmlns="http://schemas.microsoft.com/developer/msbuild/2003">
  <ItemGroup>
    <Filter Include="Inc">
      <UniqueIdentifier>{a5f9ffa8-5543-43b5-aa14-13c2069a5995}</UniqueIdentifier>
    </Filter>
    <Filter Include="Src">
      <UniqueIdentifier>{9fc219e2-eb1c-4542-9619-21b4beff65aa}</UniqueIdentifier>
    </Filter>
    <Filter Include="Inc\Components">
      <UniqueIdentifier>{ecdd56e4-3491-4a91-a0f1-bb8c222eb02d}</UniqueIdentifier>
    </Filter>
    <Filter Include="Src\Components">
      <UniqueIdentifier>{b4676a4f-b523-48b5-8611-d1a1d4616ff1}</UniqueIdentifier>
    </Filter>
    <Filter Include="Inc\Services">
      <UniqueIdentifier>{9fa56520-e5ed-4add-acfd-cb9fbba39e6d}</UniqueIdentifier>
    </Filter>
    <Filter Include="Src\Services">
      <UniqueIdentifier>{6ff1dda8-780b-4d78-9eba-04e36110a815}</UniqueIdentifier>
    </Filter>
  </ItemGroup>
  <ItemGroup>
    <ClInclude Include="Inc\Common.h">
      <Filter>Inc</Filter>
    </ClInclude>
    <ClInclude Include="Inc\ML_Engine.h">
      <Filter>Inc</Filter>
    </ClInclude>
    <ClInclude Include="Src\Precompiled.h">
      <Filter>Src</Filter>
    </ClInclude>
    <ClInclude Include="Inc\App.h">
      <Filter>Inc</Filter>
    </ClInclude>
    <ClInclude Include="Inc\AppState.h">
      <Filter>Inc</Filter>
    </ClInclude>
    <ClInclude Include="Inc\GameObject.h">
      <Filter>Inc</Filter>
    </ClInclude>
    <ClInclude Include="Inc\GameWorld.h">
      <Filter>Inc</Filter>
    </ClInclude>
    <ClInclude Include="Inc\GameObjectHandle.h">
      <Filter>Inc</Filter>
    </ClInclude>
    <ClInclude Include="Inc\Component.h">
      <Filter>Inc\Components</Filter>
    </ClInclude>
    <ClInclude Include="Inc\TypeIds.h">
      <Filter>Inc</Filter>
    </ClInclude>
    <ClInclude Include="Inc\TransformComponent.h">
      <Filter>Inc\Components</Filter>
    </ClInclude>
    <ClInclude Include="Inc\FPSCameraComponent.h">
      <Filter>Inc\Components</Filter>
    </ClInclude>
    <ClInclude Include="Inc\Service.h">
      <Filter>Inc\Services</Filter>
    </ClInclude>
    <ClInclude Include="Inc\GameObjectFactory.h">
      <Filter>Inc</Filter>
    </ClInclude>
    <ClInclude Include="Inc\SaveUtil.h">
      <Filter>Inc</Filter>
    </ClInclude>
    <ClInclude Include="Inc\CameraComponent.h">
      <Filter>Inc\Components</Filter>
    </ClInclude>
    <ClInclude Include="Inc\CameraService.h">
      <Filter>Inc\Services</Filter>
    </ClInclude>
    <ClInclude Include="Inc\RenderObjectComponent.h">
      <Filter>Inc\Components</Filter>
    </ClInclude>
    <ClInclude Include="Inc\RenderService.h">
      <Filter>Inc\Services</Filter>
    </ClInclude>
    <ClInclude Include="Inc\MeshComponent.h">
      <Filter>Inc\Components</Filter>
    </ClInclude>
    <ClInclude Include="Inc\ModelComponent.h">
      <Filter>Inc\Components</Filter>
    </ClInclude>
    <ClInclude Include="Inc\AnimatorComponent.h">
      <Filter>Inc\Components</Filter>
    </ClInclude>
    <ClInclude Include="Inc\RigidBodyComponent.h">
      <Filter>Inc\Components</Filter>
    </ClInclude>
    <ClInclude Include="Inc\PhysicsService.h">
      <Filter>Inc\Services</Filter>
    </ClInclude>
    <ClInclude Include="Inc\SoundBankComponent.h">
      <Filter>Inc\Components</Filter>
    </ClInclude>
    <ClInclude Include="Inc\SoundEventComponent.h">
      <Filter>Inc\Components</Filter>
    </ClInclude>
    <ClInclude Include="Inc\UIComponent.h">
      <Filter>Inc\Components</Filter>
    </ClInclude>
    <ClInclude Include="Inc\UIRenderService.h">
      <Filter>Inc\Services</Filter>
    </ClInclude>
    <ClInclude Include="Inc\UITextComponent.h">
      <Filter>Inc\Components</Filter>
    </ClInclude>
    <ClInclude Include="Inc\UISpriteComponent.h">
      <Filter>Inc\Components</Filter>
    </ClInclude>
    <ClInclude Include="Inc\UIButtonComponent.h">
      <Filter>Inc\Components</Filter>
    </ClInclude>
    <ClInclude Include="Inc\PlayerControllerComponent.h">
      <Filter>Inc\Components</Filter>
    </ClInclude>
    <ClInclude Include="Inc\TPSCameraComponent.h">
      <Filter>Inc\Components</Filter>
    </ClInclude>
    <ClInclude Include="Inc\WallComponent.h">
      <Filter>Inc\Components</Filter>
    </ClInclude>
    <ClInclude Include="Inc\WallService.h">
      <Filter>Inc\Services</Filter>
    </ClInclude>
    <ClInclude Include="Inc\WallJumpComponent.h">
      <Filter>Inc\Components</Filter>
    </ClInclude>
    <ClInclude Include="Inc\NetworkService.h">
      <Filter>Inc\Services</Filter>
    </ClInclude>
    <ClInclude Include="Inc\NetworkControllerComponent.h">
      <Filter>Inc\Components</Filter>
    </ClInclude>
  </ItemGroup>
  <ItemGroup>
    <ClCompile Include="Src\Precompiled.cpp">
      <Filter>Src</Filter>
    </ClCompile>
    <ClCompile Include="Src\App.cpp">
      <Filter>Src</Filter>
    </ClCompile>
    <ClCompile Include="Src\ML_Engine.cpp">
      <Filter>Src</Filter>
    </ClCompile>
    <ClCompile Include="Src\GameObject.cpp">
      <Filter>Src</Filter>
    </ClCompile>
    <ClCompile Include="Src\GameWorld.cpp">
      <Filter>Src</Filter>
    </ClCompile>
    <ClCompile Include="Src\TransformComponent.cpp">
      <Filter>Src\Components</Filter>
    </ClCompile>
    <ClCompile Include="Src\CameraComponent.cpp">
      <Filter>Src\Components</Filter>
    </ClCompile>
    <ClCompile Include="Src\GameObjectFactory.cpp">
      <Filter>Src</Filter>
    </ClCompile>
    <ClCompile Include="Src\SaveUtil.cpp">
      <Filter>Src</Filter>
    </ClCompile>
    <ClCompile Include="Src\FPSCameraComponent.cpp">
      <Filter>Src\Components</Filter>
    </ClCompile>
    <ClCompile Include="Src\CameraService.cpp">
      <Filter>Src\Services</Filter>
    </ClCompile>
    <ClCompile Include="Src\RenderObjectComponent.cpp">
      <Filter>Src\Components</Filter>
    </ClCompile>
    <ClCompile Include="Src\RenderService.cpp">
      <Filter>Src\Services</Filter>
    </ClCompile>
    <ClCompile Include="Src\MeshComponent.cpp">
      <Filter>Src\Components</Filter>
    </ClCompile>
    <ClCompile Include="Src\ModelComponent.cpp">
      <Filter>Src\Components</Filter>
    </ClCompile>
    <ClCompile Include="Src\AnimatorComponent.cpp">
      <Filter>Src\Components</Filter>
    </ClCompile>
    <ClCompile Include="Src\RigidBodyComponent.cpp">
      <Filter>Src\Components</Filter>
    </ClCompile>
    <ClCompile Include="Src\PhysicsService.cpp">
      <Filter>Src\Services</Filter>
    </ClCompile>
    <ClCompile Include="Src\SoundBankComponent.cpp">
      <Filter>Src\Components</Filter>
    </ClCompile>
    <ClCompile Include="Src\SoundEventComponent.cpp">
      <Filter>Src\Components</Filter>
    </ClCompile>
    <ClCompile Include="Src\UIRenderService.cpp">
      <Filter>Src\Services</Filter>
    </ClCompile>
    <ClCompile Include="Src\UITextComponent.cpp">
      <Filter>Src\Components</Filter>
    </ClCompile>
    <ClCompile Include="Src\UISpriteComponent.cpp">
      <Filter>Src\Components</Filter>
    </ClCompile>
    <ClCompile Include="Src\UIButtonComponent.cpp">
      <Filter>Src\Components</Filter>
    </ClCompile>
    <ClCompile Include="Src\PlayerControllerComponent.cpp">
      <Filter>Src\Components</Filter>
    </ClCompile>
    <ClCompile Include="Src\TPSCameraComponent.cpp">
      <Filter>Src\Components</Filter>
    </ClCompile>
    <ClCompile Include="Src\WallComponent.cpp">
      <Filter>Src\Components</Filter>
    </ClCompile>
    <ClCompile Include="Src\WallService.cpp">
      <Filter>Src\Services</Filter>
    </ClCompile>
    <ClCompile Include="Src\WallJumpComponent.cpp">
      <Filter>Src\Components</Filter>
    </ClCompile>
    <ClCompile Include="Src\NetworkService.cpp">
      <Filter>Src\Services</Filter>
    </ClCompile>
    <ClCompile Include="Src\NetworkControllerComponent.cpp">
      <Filter>Src\Components</Filter>
    </ClCompile>
  </ItemGroup>
</Project>