<?xml version="1.0" encoding="utf-8"?>
<Project ToolsVersion="4.0" xmlns="http://schemas.microsoft.com/developer/msbuild/2003">
  <ItemGroup>
    <Filter Include="Inc">
      <UniqueIdentifier>{1ed0d71e-f73f-4a29-8374-19c634663d0d}</UniqueIdentifier>
    </Filter>
    <Filter Include="Src">
      <UniqueIdentifier>{c6b1eaf7-85df-44ed-925c-26f7e0c45253}</UniqueIdentifier>
    </Filter>
  </ItemGroup>
  <ItemGroup>
    <ClInclude Include="Inc\Common.h">
      <Filter>Inc</Filter>
    </ClInclude>
    <ClInclude Include="Inc\Physics.h">
      <Filter>Inc</Filter>
    </ClInclude>
    <ClInclude Include="Src\Precompiled.h">
      <Filter>Src</Filter>
    </ClInclude>
    <ClInclude Include="Inc\PhysicsObject.h">
      <Filter>Inc</Filter>
    </ClInclude>
    <ClInclude Include="Inc\PhysicsWorld.h">
      <Filter>Inc</Filter>
    </ClInclude>
    <ClInclude Include="Inc\CollisionShape.h">
      <Filter>Inc</Filter>
    </ClInclude>
    <ClInclude Include="Inc\RigidBody.h">
      <Filter>Inc</Filter>
    </ClInclude>
    <ClInclude Include="Inc\PhysicsDebugDraw.h">
      <Filter>Inc</Filter>
    </ClInclude>
    <ClInclude Include="Inc\SoftBody.h">
      <Filter>Inc</Filter>
    </ClInclude>
    <ClInclude Include="Inc\Particle.h">
      <Filter>Inc</Filter>
    </ClInclude>
    <ClInclude Include="Inc\ParticleSystem.h">
      <Filter>Inc</Filter>
    </ClInclude>
  </ItemGroup>
  <ItemGroup>
    <ClCompile Include="Src\Precompiled.cpp">
      <Filter>Src</Filter>
    </ClCompile>
    <ClCompile Include="Src\PhysicsWorld.cpp">
      <Filter>Src</Filter>
    </ClCompile>
    <ClCompile Include="Src\CollisionShape.cpp">
      <Filter>Src</Filter>
    </ClCompile>
    <ClCompile Include="Src\RigidBody.cpp">
      <Filter>Src</Filter>
    </ClCompile>
    <ClCompile Include="Src\PhysicsDebugDraw.cpp">
      <Filter>Src</Filter>
    </ClCompile>
    <ClCompile Include="Src\SoftBody.cpp">
      <Filter>Src</Filter>
    </ClCompile>
    <ClCompile Include="Src\Particle.cpp">
      <Filter>Src</Filter>
    </ClCompile>
    <ClCompile Include="Src\ParticleSystem.cpp">
      <Filter>Src</Filter>
    </ClCompile>
  </ItemGroup>
</Project>