<?xml version="1.0" encoding="utf-8"?>
<Project ToolsVersion="4.0" xmlns="http://schemas.microsoft.com/developer/msbuild/2003">
  <ItemGroup>
    <Filter Include="Inc">
      <UniqueIdentifier>{14eae78a-cb65-455d-bb3d-de7af47d67e4}</UniqueIdentifier>
    </Filter>
    <Filter Include="Src">
      <UniqueIdentifier>{e097b672-03c0-4616-beb1-3a5cb2f63fc7}</UniqueIdentifier>
    </Filter>
  </ItemGroup>
  <ItemGroup>
    <ClInclude Include="Inc\Common.h">
      <Filter>Inc</Filter>
    </ClInclude>
    <ClInclude Include="Inc\Network.h">
      <Filter>Inc</Filter>
    </ClInclude>
    <ClInclude Include="Src\Precompiled.h">
      <Filter>Src</Filter>
    </ClInclude>
    <ClInclude Include="Inc\NetworkElement.h">
      <Filter>Inc</Filter>
    </ClInclude>
    <ClInclude Include="Inc\Server.h">
      <Filter>Inc</Filter>
    </ClInclude>
    <ClInclude Include="Inc\Client.h">
      <Filter>Inc</Filter>
    </ClInclude>
    <ClInclude Include="Inc\NetworkManager.h">
      <Filter>Inc</Filter>
    </ClInclude>
  </ItemGroup>
  <ItemGroup>
    <ClCompile Include="Src\Precompiled.cpp">
      <Filter>Src</Filter>
    </ClCompile>
    <ClCompile Include="Src\NetworkElement.cpp">
      <Filter>Src</Filter>
    </ClCompile>
    <ClCompile Include="Src\Server.cpp">
      <Filter>Src</Filter>
    </ClCompile>
    <ClCompile Include="Src\Client.cpp">
      <Filter>Src</Filter>
    </ClCompile>
    <ClCompile Include="Src\NetworkManager.cpp">
      <Filter>Src</Filter>
    </ClCompile>
  </ItemGroup>
</Project>