<?xml version="1.0" encoding="utf-8"?>
<Project ToolsVersion="4.0" xmlns="http://schemas.microsoft.com/developer/msbuild/2003">
  <ItemGroup>
    <Filter Include="Inc">
      <UniqueIdentifier>{e5c21ef8-c882-4bfd-b7d8-eec86b533f8c}</UniqueIdentifier>
    </Filter>
    <Filter Include="Src">
      <UniqueIdentifier>{af4f593c-30dd-42a1-a015-41aecac07151}</UniqueIdentifier>
    </Filter>
  </ItemGroup>
  <ItemGroup>
    <ClInclude Include="Inc\Audio.h">
      <Filter>Inc</Filter>
    </ClInclude>
    <ClInclude Include="Inc\Common.h">
      <Filter>Inc</Filter>
    </ClInclude>
    <ClInclude Include="Src\Precompiled.h">
      <Filter>Src</Filter>
    </ClInclude>
    <ClInclude Include="Inc\AudioSystem.h">
      <Filter>Inc</Filter>
    </ClInclude>
    <ClInclude Include="Inc\SoundEffectManager.h">
      <Filter>Inc</Filter>
    </ClInclude>
  </ItemGroup>
  <ItemGroup>
    <ClCompile Include="Src\Precompiled.cpp">
      <Filter>Src</Filter>
    </ClCompile>
    <ClCompile Include="Src\AudioSystem.cpp">
      <Filter>Src</Filter>
    </ClCompile>
    <ClCompile Include="Src\SoundEffectManager.cpp">
      <Filter>Src</Filter>
    </ClCompile>
  </ItemGroup>
</Project>